
Microsoft Visual Studio Solution File, Format Version 12.00
# Visual Studio 15
VisualStudioVersion = 15.0.28307.489
MinimumVisualStudioVersion = 10.0.40219.1
Project("{FAE04EC0-301F-11D3-BF4B-00C04F79EFBC}") = "13T_OpenSave", "13T_OpenSave\13T_OpenSave.csproj", "{8B3A632F-4BD8-40E6-A517-A06087021C4B}"
EndProject
Global
	GlobalSection(SolutionConfigurationPlatforms) = preSolution
		Debug|Any CPU = Debug|Any CPU
		Release|Any CPU = Release|Any CPU
	EndGlobalSection
	GlobalSection(ProjectConfigurationPlatforms) = postSolution
		{8B3A632F-4BD8-40E6-A517-A06087021C4B}.Debug|Any CPU.ActiveCfg = Debug|Any CPU
		{8B3A632F-4BD8-40E6-A517-A06087021C4B}.Debug|Any CPU.Build.0 = Debug|Any CPU
		{8B3A632F-4BD8-40E6-A517-A06087021C4B}.Release|Any CPU.ActiveCfg = Release|Any CPU
		{8B3A632F-4BD8-40E6-A517-A06087021C4B}.Release|Any CPU.Build.0 = Release|Any CPU
	EndGlobalSection
	GlobalSection(SolutionProperties) = preSolution
		HideSolutionNode = FALSE
	EndGlobalSection
	GlobalSection(ExtensibilityGlobals) = postSolution
		SolutionGuid = {EEAF2FC5-08D1-46F6-BE73-878F81EB661F}
	EndGlobalSection
EndGlobal
